// !$*UTF8*$!
{
	archiveVersion = 1;
	classes = {
	};
	objectVersion = 46;
	objects = {

/* Begin PBXBuildFile section */
		DA8B83901A97A8EC00817163 /* Application.m in Sources */ = {isa = PBXBuildFile; fileRef = DA8B83801A97A8EC00817163 /* Application.m */; };
		DA8B83911A97A8EC00817163 /* Board.m in Sources */ = {isa = PBXBuildFile; fileRef = DA8B83821A97A8EC00817163 /* Board.m */; };
		DA8B83921A97A8EC00817163 /* Card.m in Sources */ = {isa = PBXBuildFile; fileRef = DA8B83841A97A8EC00817163 /* Card.m */; };
		DA8B83931A97A8EC00817163 /* DashBoard.m in Sources */ = {isa = PBXBuildFile; fileRef = DA8B83861A97A8EC00817163 /* DashBoard.m */; };
		DA8B83941A97A8EC00817163 /* List.m in Sources */ = {isa = PBXBuildFile; fileRef = DA8B83881A97A8EC00817163 /* List.m */; };
		DA8B83951A97A8EC00817163 /* main.m in Sources */ = {isa = PBXBuildFile; fileRef = DA8B83891A97A8EC00817163 /* main.m */; };
		DA8B83961A97A8EC00817163 /* Member.m in Sources */ = {isa = PBXBuildFile; fileRef = DA8B838B1A97A8EC00817163 /* Member.m */; };
		DA8B83971A97A8EC00817163 /* Members.m in Sources */ = {isa = PBXBuildFile; fileRef = DA8B838D1A97A8EC00817163 /* Members.m */; };
/* End PBXBuildFile section */

/* Begin PBXCopyFilesBuildPhase section */
		DA8B83731A97A81800817163 /* CopyFiles */ = {
			isa = PBXCopyFilesBuildPhase;
			buildActionMask = 2147483647;
			dstPath = /usr/share/man/man1/;
			dstSubfolderSpec = 0;
			files = (
			);
			runOnlyForDeploymentPostprocessing = 1;
		};
/* End PBXCopyFilesBuildPhase section */

/* Begin PBXFileReference section */
		DA8B83751A97A81800817163 /* BepidTrello */ = {isa = PBXFileReference; explicitFileType = "compiled.mach-o.executable"; includeInIndex = 0; path = BepidTrello; sourceTree = BUILT_PRODUCTS_DIR; };
		DA8B837F1A97A8EC00817163 /* Application.h */ = {isa = PBXFileReference; fileEncoding = 4; lastKnownFileType = sourcecode.c.h; path = Application.h; sourceTree = "<group>"; };
		DA8B83801A97A8EC00817163 /* Application.m */ = {isa = PBXFileReference; fileEncoding = 4; lastKnownFileType = sourcecode.c.objc; path = Application.m; sourceTree = "<group>"; };
		DA8B83811A97A8EC00817163 /* Board.h */ = {isa = PBXFileReference; fileEncoding = 4; lastKnownFileType = sourcecode.c.h; path = Board.h; sourceTree = "<group>"; };
		DA8B83821A97A8EC00817163 /* Board.m */ = {isa = PBXFileReference; fileEncoding = 4; lastKnownFileType = sourcecode.c.objc; path = Board.m; sourceTree = "<group>"; };
		DA8B83831A97A8EC00817163 /* Card.h */ = {isa = PBXFileReference; fileEncoding = 4; lastKnownFileType = sourcecode.c.h; path = Card.h; sourceTree = "<group>"; };
		DA8B83841A97A8EC00817163 /* Card.m */ = {isa = PBXFileReference; fileEncoding = 4; lastKnownFileType = sourcecode.c.objc; path = Card.m; sourceTree = "<group>"; };
		DA8B83851A97A8EC00817163 /* DashBoard.h */ = {isa = PBXFileReference; fileEncoding = 4; lastKnownFileType = sourcecode.c.h; path = DashBoard.h; sourceTree = "<group>"; };
		DA8B83861A97A8EC00817163 /* DashBoard.m */ = {isa = PBXFileReference; fileEncoding = 4; lastKnownFileType = sourcecode.c.objc; path = DashBoard.m; sourceTree = "<group>"; };
		DA8B83871A97A8EC00817163 /* List.h */ = {isa = PBXFileReference; fileEncoding = 4; lastKnownFileType = sourcecode.c.h; path = List.h; sourceTree = "<group>"; };
		DA8B83881A97A8EC00817163 /* List.m */ = {isa = PBXFileReference; fileEncoding = 4; lastKnownFileType = sourcecode.c.objc; path = List.m; sourceTree = "<group>"; };
		DA8B83891A97A8EC00817163 /* main.m */ = {isa = PBXFileReference; fileEncoding = 4; lastKnownFileType = sourcecode.c.objc; path = main.m; sourceTree = "<group>"; };
		DA8B838A1A97A8EC00817163 /* Member.h */ = {isa = PBXFileReference; fileEncoding = 4; lastKnownFileType = sourcecode.c.h; path = Member.h; sourceTree = "<group>"; };
		DA8B838B1A97A8EC00817163 /* Member.m */ = {isa = PBXFileReference; fileEncoding = 4; lastKnownFileType = sourcecode.c.objc; path = Member.m; sourceTree = "<group>"; };
		DA8B838C1A97A8EC00817163 /* Members.h */ = {isa = PBXFileReference; fileEncoding = 4; lastKnownFileType = sourcecode.c.h; path = Members.h; sourceTree = "<group>"; };
		DA8B838D1A97A8EC00817163 /* Members.m */ = {isa = PBXFileReference; fileEncoding = 4; lastKnownFileType = sourcecode.c.objc; path = Members.m; sourceTree = "<group>"; };
/* End PBXFileReference section */

/* Begin PBXFrameworksBuildPhase section */
		DA8B83721A97A81800817163 /* Frameworks */ = {
			isa = PBXFrameworksBuildPhase;
			buildActionMask = 2147483647;
			files = (
			);
			runOnlyForDeploymentPostprocessing = 0;
		};
/* End PBXFrameworksBuildPhase section */

/* Begin PBXGroup section */
		DA8B836C1A97A81800817163 = {
			isa = PBXGroup;
			children = (
				DA8B83771A97A81800817163 /* BepidTrello */,
				DA8B83761A97A81800817163 /* Products */,
			);
			sourceTree = "<group>";
		};
		DA8B83761A97A81800817163 /* Products */ = {
			isa = PBXGroup;
			children = (
				DA8B83751A97A81800817163 /* BepidTrello */,
			);
			name = Products;
			sourceTree = "<group>";
		};
		DA8B83771A97A81800817163 /* BepidTrello */ = {
			isa = PBXGroup;
			children = (
				DA8B837F1A97A8EC00817163 /* Application.h */,
				DA8B83801A97A8EC00817163 /* Application.m */,
				DA8B83811A97A8EC00817163 /* Board.h */,
				DA8B83821A97A8EC00817163 /* Board.m */,
				DA8B83831A97A8EC00817163 /* Card.h */,
				DA8B83841A97A8EC00817163 /* Card.m */,
				DA8B83851A97A8EC00817163 /* DashBoard.h */,
				DA8B83861A97A8EC00817163 /* DashBoard.m */,
				DA8B83871A97A8EC00817163 /* List.h */,
				DA8B83881A97A8EC00817163 /* List.m */,
				DA8B83891A97A8EC00817163 /* main.m */,
				DA8B838A1A97A8EC00817163 /* Member.h */,
				DA8B838B1A97A8EC00817163 /* Member.m */,
				DA8B838C1A97A8EC00817163 /* Members.h */,
				DA8B838D1A97A8EC00817163 /* Members.m */,
			);
			path = BepidTrello;
			sourceTree = "<group>";
		};
/* End PBXGroup section */

/* Begin PBXNativeTarget section */
		DA8B83741A97A81800817163 /* BepidTrello */ = {
			isa = PBXNativeTarget;
			buildConfigurationList = DA8B837C1A97A81800817163 /* Build configuration list for PBXNativeTarget "BepidTrello" */;
			buildPhases = (
				DA8B83711A97A81800817163 /* Sources */,
				DA8B83721A97A81800817163 /* Frameworks */,
				DA8B83731A97A81800817163 /* CopyFiles */,
			);
			buildRules = (
			);
			dependencies = (
			);
			name = BepidTrello;
			productName = BepidTrello;
			productReference = DA8B83751A97A81800817163 /* BepidTrello */;
			productType = "com.apple.product-type.tool";
		};
/* End PBXNativeTarget section */

/* Begin PBXProject section */
		DA8B836D1A97A81800817163 /* Project object */ = {
			isa = PBXProject;
			attributes = {
				LastUpgradeCheck = 0610;
				ORGANIZATIONNAME = "Alexandre Mantovani Tavares";
				TargetAttributes = {
					DA8B83741A97A81800817163 = {
						CreatedOnToolsVersion = 6.1.1;
					};
				};
			};
			buildConfigurationList = DA8B83701A97A81800817163 /* Build configuration list for PBXProject "BepidTrello" */;
			compatibilityVersion = "Xcode 3.2";
			developmentRegion = English;
			hasScannedForEncodings = 0;
			knownRegions = (
				en,
			);
			mainGroup = DA8B836C1A97A81800817163;
			productRefGroup = DA8B83761A97A81800817163 /* Products */;
			projectDirPath = "";
			projectRoot = "";
			targets = (
				DA8B83741A97A81800817163 /* BepidTrello */,
			);
		};
/* End PBXProject section */

/* Begin PBXSourcesBuildPhase section */
		DA8B83711A97A81800817163 /* Sources */ = {
			isa = PBXSourcesBuildPhase;
			buildActionMask = 2147483647;
			files = (
				DA8B83941A97A8EC00817163 /* List.m in Sources */,
				DA8B83911A97A8EC00817163 /* Board.m in Sources */,
				DA8B83901A97A8EC00817163 /* Application.m in Sources */,
				DA8B83931A97A8EC00817163 /* DashBoard.m in Sources */,
				DA8B83961A97A8EC00817163 /* Member.m in Sources */,
				DA8B83951A97A8EC00817163 /* main.m in Sources */,
				DA8B83921A97A8EC00817163 /* Card.m in Sources */,
				DA8B83971A97A8EC00817163 /* Members.m in Sources */,
			);
			runOnlyForDeploymentPostprocessing = 0;
		};
/* End PBXSourcesBuildPhase section */

/* Begin XCBuildConfiguration section */
		DA8B837A1A97A81800817163 /* Debug */ = {
			isa = XCBuildConfiguration;
			buildSettings = {
				ALWAYS_SEARCH_USER_PATHS = NO;
				CLANG_CXX_LANGUAGE_STANDARD = "gnu++0x";
				CLANG_CXX_LIBRARY = "libc++";
				CLANG_ENABLE_MODULES = YES;
				CLANG_ENABLE_OBJC_ARC = YES;
				CLANG_WARN_BOOL_CONVERSION = YES;
				CLANG_WARN_CONSTANT_CONVERSION = YES;
				CLANG_WARN_DIRECT_OBJC_ISA_USAGE = YES_ERROR;
				CLANG_WARN_EMPTY_BODY = YES;
				CLANG_WARN_ENUM_CONVERSION = YES;
				CLANG_WARN_INT_CONVERSION = YES;
				CLANG_WARN_OBJC_ROOT_CLASS = YES_ERROR;
				CLANG_WARN_UNREACHABLE_CODE = YES;
				CLANG_WARN__DUPLICATE_METHOD_MATCH = YES;
				COPY_PHASE_STRIP = NO;
				ENABLE_STRICT_OBJC_MSGSEND = YES;
				GCC_C_LANGUAGE_STANDARD = gnu99;
				GCC_DYNAMIC_NO_PIC = NO;
				GCC_OPTIMIZATION_LEVEL = 0;
				GCC_PREPROCESSOR_DEFINITIONS = (
					"DEBUG=1",
					"$(inherited)",
				);
				GCC_SYMBOLS_PRIVATE_EXTERN = NO;
				GCC_WARN_64_TO_32_BIT_CONVERSION = YES;
				GCC_WARN_ABOUT_RETURN_TYPE = YES_ERROR;
				GCC_WARN_UNDECLARED_SELECTOR = YES;
				GCC_WARN_UNINITIALIZED_AUTOS = YES_AGGRESSIVE;
				GCC_WARN_UNUSED_FUNCTION = YES;
				GCC_WARN_UNUSED_VARIABLE = YES;
				MACOSX_DEPLOYMENT_TARGET = 10.10;
				MTL_ENABLE_DEBUG_INFO = YES;
				ONLY_ACTIVE_ARCH = YES;
				SDKROOT = macosx;
			};
			name = Debug;
		};
		DA8B837B1A97A81800817163 /* Release */ = {
			isa = XCBuildConfiguration;
			buildSettings = {
				ALWAYS_SEARCH_USER_PATHS = NO;
				CLANG_CXX_LANGUAGE_STANDARD = "gnu++0x";
				CLANG_CXX_LIBRARY = "libc++";
				CLANG_ENABLE_MODULES = YES;
				CLANG_ENABLE_OBJC_ARC = YES;
				CLANG_WARN_BOOL_CONVERSION = YES;
				CLANG_WARN_CONSTANT_CONVERSION = YES;
				CLANG_WARN_DIRECT_OBJC_ISA_USAGE = YES_ERROR;
				CLANG_WARN_EMPTY_BODY = YES;
				CLANG_WARN_ENUM_CONVERSION = YES;
				CLANG_WARN_INT_CONVERSION = YES;
				CLANG_WARN_OBJC_ROOT_CLASS = YES_ERROR;
				CLANG_WARN_UNREACHABLE_CODE = YES;
				CLANG_WARN__DUPLICATE_METHOD_MATCH = YES;
				COPY_PHASE_STRIP = YES;
				DEBUG_INFORMATION_FORMAT = "dwarf-with-dsym";
				ENABLE_NS_ASSERTIONS = NO;
				ENABLE_STRICT_OBJC_MSGSEND = YES;
				GCC_C_LANGUAGE_STANDARD = gnu99;
				GCC_WARN_64_TO_32_BIT_CONVERSION = YES;
				GCC_WARN_ABOUT_RETURN_TYPE = YES_ERROR;
				GCC_WARN_UNDECLARED_SELECTOR = YES;
				GCC_WARN_UNINITIALIZED_AUTOS = YES_AGGRESSIVE;
				GCC_WARN_UNUSED_FUNCTION = YES;
				GCC_WARN_UNUSED_VARIABLE = YES;
				MACOSX_DEPLOYMENT_TARGET = 10.10;
				MTL_ENABLE_DEBUG_INFO = NO;
				SDKROOT = macosx;
			};
			name = Release;
		};
		DA8B837D1A97A81800817163 /* Debug */ = {
			isa = XCBuildConfiguration;
			buildSettings = {
				PRODUCT_NAME = "$(TARGET_NAME)";
			};
			name = Debug;
		};
		DA8B837E1A97A81800817163 /* Release */ = {
			isa = XCBuildConfiguration;
			buildSettings = {
				PRODUCT_NAME = "$(TARGET_NAME)";
			};
			name = Release;
		};
/* End XCBuildConfiguration section */

/* Begin XCConfigurationList section */
		DA8B83701A97A81800817163 /* Build configuration list for PBXProject "BepidTrello" */ = {
			isa = XCConfigurationList;
			buildConfigurations = (
				DA8B837A1A97A81800817163 /* Debug */,
				DA8B837B1A97A81800817163 /* Release */,
			);
			defaultConfigurationIsVisible = 0;
			defaultConfigurationName = Release;
		};
		DA8B837C1A97A81800817163 /* Build configuration list for PBXNativeTarget "BepidTrello" */ = {
			isa = XCConfigurationList;
			buildConfigurations = (
				DA8B837D1A97A81800817163 /* Debug */,
				DA8B837E1A97A81800817163 /* Release */,
			);
			defaultConfigurationIsVisible = 0;
			defaultConfigurationName = Release;
		};
/* End XCConfigurationList section */
	};
	rootObject = DA8B836D1A97A81800817163 /* Project object */;
}
